// !$*UTF8*$!
{
	archiveVersion = 1;
	classes = {
	};
	objectVersion = 46;
	objects = {

/* Begin PBXBuildFile section */
		4C1000D318EC763A00DDC6ED /* Foundation.framework in Frameworks */ = {isa = PBXBuildFile; fileRef = 4C1000D218EC763A00DDC6ED /* Foundation.framework */; };
		4C1000D518EC763A00DDC6ED /* CoreGraphics.framework in Frameworks */ = {isa = PBXBuildFile; fileRef = 4C1000D418EC763A00DDC6ED /* CoreGraphics.framework */; };
		4C1000D718EC763A00DDC6ED /* UIKit.framework in Frameworks */ = {isa = PBXBuildFile; fileRef = 4C1000D618EC763A00DDC6ED /* UIKit.framework */; };
		4C1000DD18EC763A00DDC6ED /* InfoPlist.strings in Resources */ = {isa = PBXBuildFile; fileRef = 4C1000DB18EC763A00DDC6ED /* InfoPlist.strings */; };
		4C1000DF18EC763A00DDC6ED /* main.m in Sources */ = {isa = PBXBuildFile; fileRef = 4C1000DE18EC763A00DDC6ED /* main.m */; };
		4C1000E318EC763A00DDC6ED /* AppDelegate.m in Sources */ = {isa = PBXBuildFile; fileRef = 4C1000E218EC763A00DDC6ED /* AppDelegate.m */; };
		4C1000E618EC763A00DDC6ED /* Main.storyboard in Resources */ = {isa = PBXBuildFile; fileRef = 4C1000E418EC763A00DDC6ED /* Main.storyboard */; };
		4C1000E918EC763A00DDC6ED /* ViewController.m in Sources */ = {isa = PBXBuildFile; fileRef = 4C1000E818EC763A00DDC6ED /* ViewController.m */; };
		4C1000EB18EC763A00DDC6ED /* Images.xcassets in Resources */ = {isa = PBXBuildFile; fileRef = 4C1000EA18EC763A00DDC6ED /* Images.xcassets */; };
		4C1000F218EC763A00DDC6ED /* XCTest.framework in Frameworks */ = {isa = PBXBuildFile; fileRef = 4C1000F118EC763A00DDC6ED /* XCTest.framework */; };
		4C1000F318EC763A00DDC6ED /* Foundation.framework in Frameworks */ = {isa = PBXBuildFile; fileRef = 4C1000D218EC763A00DDC6ED /* Foundation.framework */; };
		4C1000F418EC763A00DDC6ED /* UIKit.framework in Frameworks */ = {isa = PBXBuildFile; fileRef = 4C1000D618EC763A00DDC6ED /* UIKit.framework */; };
/* End PBXBuildFile section */

/* Begin PBXContainerItemProxy section */
		4C1000F518EC763A00DDC6ED /* PBXContainerItemProxy */ = {
			isa = PBXContainerItemProxy;
			containerPortal = 4C1000C718EC763A00DDC6ED /* Project object */;
			proxyType = 1;
			remoteGlobalIDString = 4C1000CE18EC763A00DDC6ED;
			remoteInfo = SampleApp;
		};
/* End PBXContainerItemProxy section */

/* Begin PBXFileReference section */
		4C1000CF18EC763A00DDC6ED /* SampleApp.app */ = {isa = PBXFileReference; explicitFileType = wrapper.application; includeInIndex = 0; path = SampleApp.app; sourceTree = BUILT_PRODUCTS_DIR; };
		4C1000D218EC763A00DDC6ED /* Foundation.framework */ = {isa = PBXFileReference; lastKnownFileType = wrapper.framework; name = Foundation.framework; path = System/Library/Frameworks/Foundation.framework; sourceTree = SDKROOT; };
		4C1000D418EC763A00DDC6ED /* CoreGraphics.framework */ = {isa = PBXFileReference; lastKnownFileType = wrapper.framework; name = CoreGraphics.framework; path = System/Library/Frameworks/CoreGraphics.framework; sourceTree = SDKROOT; };
		4C1000D618EC763A00DDC6ED /* UIKit.framework */ = {isa = PBXFileReference; lastKnownFileType = wrapper.framework; name = UIKit.framework; path = System/Library/Frameworks/UIKit.framework; sourceTree = SDKROOT; };
		4C1000DA18EC763A00DDC6ED /* SampleApp-Info.plist */ = {isa = PBXFileReference; lastKnownFileType = text.plist.xml; path = "SampleApp-Info.plist"; sourceTree = "<group>"; };
		4C1000DC18EC763A00DDC6ED /* en */ = {isa = PBXFileReference; lastKnownFileType = text.plist.strings; name = en; path = en.lproj/InfoPlist.strings; sourceTree = "<group>"; };
		4C1000DE18EC763A00DDC6ED /* main.m */ = {isa = PBXFileReference; lastKnownFileType = sourcecode.c.objc; path = main.m; sourceTree = "<group>"; };
		4C1000E018EC763A00DDC6ED /* SampleApp-Prefix.pch */ = {isa = PBXFileReference; lastKnownFileType = sourcecode.c.h; path = "SampleApp-Prefix.pch"; sourceTree = "<group>"; };
		4C1000E118EC763A00DDC6ED /* AppDelegate.h */ = {isa = PBXFileReference; lastKnownFileType = sourcecode.c.h; path = AppDelegate.h; sourceTree = "<group>"; };
		4C1000E218EC763A00DDC6ED /* AppDelegate.m */ = {isa = PBXFileReference; lastKnownFileType = sourcecode.c.objc; path = AppDelegate.m; sourceTree = "<group>"; };
		4C1000E518EC763A00DDC6ED /* Base */ = {isa = PBXFileReference; lastKnownFileType = file.storyboard; name = Base; path = Base.lproj/Main.storyboard; sourceTree = "<group>"; };
		4C1000E718EC763A00DDC6ED /* ViewController.h */ = {isa = PBXFileReference; lastKnownFileType = sourcecode.c.h; path = ViewController.h; sourceTree = "<group>"; };
		4C1000E818EC763A00DDC6ED /* ViewController.m */ = {isa = PBXFileReference; lastKnownFileType = sourcecode.c.objc; path = ViewController.m; sourceTree = "<group>"; };
		4C1000EA18EC763A00DDC6ED /* Images.xcassets */ = {isa = PBXFileReference; lastKnownFileType = folder.assetcatalog; path = Images.xcassets; sourceTree = "<group>"; };
		4C1000F018EC763A00DDC6ED /* SampleAppTests.xctest */ = {isa = PBXFileReference; explicitFileType = wrapper.cfbundle; includeInIndex = 0; path = SampleAppTests.xctest; sourceTree = BUILT_PRODUCTS_DIR; };
		4C1000F118EC763A00DDC6ED /* XCTest.framework */ = {isa = PBXFileReference; lastKnownFileType = wrapper.framework; name = XCTest.framework; path = Library/Frameworks/XCTest.framework; sourceTree = DEVELOPER_DIR; };
/* End PBXFileReference section */

/* Begin PBXFrameworksBuildPhase section */
		4C1000CC18EC763A00DDC6ED /* Frameworks */ = {
			isa = PBXFrameworksBuildPhase;
			buildActionMask = 2147483647;
			files = (
				4C1000D518EC763A00DDC6ED /* CoreGraphics.framework in Frameworks */,
				4C1000D718EC763A00DDC6ED /* UIKit.framework in Frameworks */,
				4C1000D318EC763A00DDC6ED /* Foundation.framework in Frameworks */,
			);
			runOnlyForDeploymentPostprocessing = 0;
		};
		4C1000ED18EC763A00DDC6ED /* Frameworks */ = {
			isa = PBXFrameworksBuildPhase;
			buildActionMask = 2147483647;
			files = (
				4C1000F218EC763A00DDC6ED /* XCTest.framework in Frameworks */,
				4C1000F418EC763A00DDC6ED /* UIKit.framework in Frameworks */,
				4C1000F318EC763A00DDC6ED /* Foundation.framework in Frameworks */,
			);
			runOnlyForDeploymentPostprocessing = 0;
		};
/* End PBXFrameworksBuildPhase section */

/* Begin PBXGroup section */
		4C1000C618EC763A00DDC6ED = {
			isa = PBXGroup;
			children = (
				4C1000D818EC763A00DDC6ED /* SampleApp */,
				4C1000D118EC763A00DDC6ED /* Frameworks */,
				4C1000D018EC763A00DDC6ED /* Products */,
			);
			sourceTree = "<group>";
		};
		4C1000D018EC763A00DDC6ED /* Products */ = {
			isa = PBXGroup;
			children = (
				4C1000CF18EC763A00DDC6ED /* SampleApp.app */,
				4C1000F018EC763A00DDC6ED /* SampleAppTests.xctest */,
			);
			name = Products;
			sourceTree = "<group>";
		};
		4C1000D118EC763A00DDC6ED /* Frameworks */ = {
			isa = PBXGroup;
			children = (
				4C1000D218EC763A00DDC6ED /* Foundation.framework */,
				4C1000D418EC763A00DDC6ED /* CoreGraphics.framework */,
				4C1000D618EC763A00DDC6ED /* UIKit.framework */,
				4C1000F118EC763A00DDC6ED /* XCTest.framework */,
			);
			name = Frameworks;
			sourceTree = "<group>";
		};
		4C1000D818EC763A00DDC6ED /* SampleApp */ = {
			isa = PBXGroup;
			children = (
				4C1000E118EC763A00DDC6ED /* AppDelegate.h */,
				4C1000E218EC763A00DDC6ED /* AppDelegate.m */,
				4C1000E418EC763A00DDC6ED /* Main.storyboard */,
				4C1000E718EC763A00DDC6ED /* ViewController.h */,
				4C1000E818EC763A00DDC6ED /* ViewController.m */,
				4C1000EA18EC763A00DDC6ED /* Images.xcassets */,
				4C1000D918EC763A00DDC6ED /* Supporting Files */,
			);
			path = SampleApp;
			sourceTree = "<group>";
		};
		4C1000D918EC763A00DDC6ED /* Supporting Files */ = {
			isa = PBXGroup;
			children = (
				4C1000DA18EC763A00DDC6ED /* SampleApp-Info.plist */,
				4C1000DB18EC763A00DDC6ED /* InfoPlist.strings */,
				4C1000DE18EC763A00DDC6ED /* main.m */,
				4C1000E018EC763A00DDC6ED /* SampleApp-Prefix.pch */,
			);
			name = "Supporting Files";
			sourceTree = "<group>";
		};
/* End PBXGroup section */

/* Begin PBXNativeTarget section */
		4C1000CE18EC763A00DDC6ED /* SampleApp */ = {
			isa = PBXNativeTarget;
			buildConfigurationList = 4C10010118EC763A00DDC6ED /* Build configuration list for PBXNativeTarget "SampleApp" */;
			buildPhases = (
				4C1000CB18EC763A00DDC6ED /* Sources */,
				4C1000CC18EC763A00DDC6ED /* Frameworks */,
				4C1000CD18EC763A00DDC6ED /* Resources */,
			);
			buildRules = (
			);
			dependencies = (
			);
			name = SampleApp;
			productName = SampleApp;
			productReference = 4C1000CF18EC763A00DDC6ED /* SampleApp.app */;
			productType = "com.apple.product-type.application";
		};
		4C1000EF18EC763A00DDC6ED /* SampleAppTests */ = {
			isa = PBXNativeTarget;
			buildConfigurationList = 4C10010418EC763A00DDC6ED /* Build configuration list for PBXNativeTarget "SampleAppTests" */;
			buildPhases = (
				4C1000EC18EC763A00DDC6ED /* Sources */,
				4C1000ED18EC763A00DDC6ED /* Frameworks */,
				4C1000EE18EC763A00DDC6ED /* Resources */,
			);
			buildRules = (
			);
			dependencies = (
				4C1000F618EC763A00DDC6ED /* PBXTargetDependency */,
			);
			name = SampleAppTests;
			productName = SampleAppTests;
			productReference = 4C1000F018EC763A00DDC6ED /* SampleAppTests.xctest */;
			productType = "com.apple.product-type.bundle.unit-test";
		};
/* End PBXNativeTarget section */

/* Begin PBXProject section */
		4C1000C718EC763A00DDC6ED /* Project object */ = {
			isa = PBXProject;
			attributes = {
				LastUpgradeCheck = 0510;
				ORGANIZATIONNAME = "David Canlas";
				TargetAttributes = {
					4C1000EF18EC763A00DDC6ED = {
						TestTargetID = 4C1000CE18EC763A00DDC6ED;
					};
				};
			};
			buildConfigurationList = 4C1000CA18EC763A00DDC6ED /* Build configuration list for PBXProject "SampleApp" */;
			compatibilityVersion = "Xcode 3.2";
			developmentRegion = English;
			hasScannedForEncodings = 0;
			knownRegions = (
				en,
				Base,
			);
			mainGroup = 4C1000C618EC763A00DDC6ED;
			productRefGroup = 4C1000D018EC763A00DDC6ED /* Products */;
			projectDirPath = "";
			projectRoot = "";
			targets = (
				4C1000CE18EC763A00DDC6ED /* SampleApp */,
				4C1000EF18EC763A00DDC6ED /* SampleAppTests */,
			);
		};
/* End PBXProject section */

/* Begin PBXResourcesBuildPhase section */
		4C1000CD18EC763A00DDC6ED /* Resources */ = {
			isa = PBXResourcesBuildPhase;
			buildActionMask = 2147483647;
			files = (
				4C1000EB18EC763A00DDC6ED /* Images.xcassets in Resources */,
				4C1000DD18EC763A00DDC6ED /* InfoPlist.strings in Resources */,
				4C1000E618EC763A00DDC6ED /* Main.storyboard in Resources */,
			);
			runOnlyForDeploymentPostprocessing = 0;
		};
		4C1000EE18EC763A00DDC6ED /* Resources */ = {
			isa = PBXResourcesBuildPhase;
			buildActionMask = 2147483647;
			files = (
			);
			runOnlyForDeploymentPostprocessing = 0;
		};
/* End PBXResourcesBuildPhase section */

/* Begin PBXSourcesBuildPhase section */
		4C1000CB18EC763A00DDC6ED /* Sources */ = {
			isa = PBXSourcesBuildPhase;
			buildActionMask = 2147483647;
			files = (
				4C1000E918EC763A00DDC6ED /* ViewController.m in Sources */,
				4C1000E318EC763A00DDC6ED /* AppDelegate.m in Sources */,
				4C1000DF18EC763A00DDC6ED /* main.m in Sources */,
			);
			runOnlyForDeploymentPostprocessing = 0;
		};
		4C1000EC18EC763A00DDC6ED /* Sources */ = {
			isa = PBXSourcesBuildPhase;
			buildActionMask = 2147483647;
			files = (
			);
			runOnlyForDeploymentPostprocessing = 0;
		};
/* End PBXSourcesBuildPhase section */

/* Begin PBXTargetDependency section */
		4C1000F618EC763A00DDC6ED /* PBXTargetDependency */ = {
			isa = PBXTargetDependency;
			target = 4C1000CE18EC763A00DDC6ED /* SampleApp */;
			targetProxy = 4C1000F518EC763A00DDC6ED /* PBXContainerItemProxy */;
		};
/* End PBXTargetDependency section */

/* Begin PBXVariantGroup section */
		4C1000DB18EC763A00DDC6ED /* InfoPlist.strings */ = {
			isa = PBXVariantGroup;
			children = (
				4C1000DC18EC763A00DDC6ED /* en */,
			);
			name = InfoPlist.strings;
			sourceTree = "<group>";
		};
		4C1000E418EC763A00DDC6ED /* Main.storyboard */ = {
			isa = PBXVariantGroup;
			children = (
				4C1000E518EC763A00DDC6ED /* Base */,
			);
			name = Main.storyboard;
			sourceTree = "<group>";
		};
/* End PBXVariantGroup section */

/* Begin XCBuildConfiguration section */
		4C1000FF18EC763A00DDC6ED /* Debug */ = {
			isa = XCBuildConfiguration;
			buildSettings = {
				ALWAYS_SEARCH_USER_PATHS = NO;
				CLANG_CXX_LANGUAGE_STANDARD = "gnu++0x";
				CLANG_CXX_LIBRARY = "libc++";
				CLANG_ENABLE_MODULES = YES;
				CLANG_ENABLE_OBJC_ARC = YES;
				CLANG_WARN_BOOL_CONVERSION = YES;
				CLANG_WARN_CONSTANT_CONVERSION = YES;
				CLANG_WARN_DIRECT_OBJC_ISA_USAGE = YES_ERROR;
				CLANG_WARN_EMPTY_BODY = YES;
				CLANG_WARN_ENUM_CONVERSION = YES;
				CLANG_WARN_INT_CONVERSION = YES;
				CLANG_WARN_OBJC_ROOT_CLASS = YES_ERROR;
				CLANG_WARN__DUPLICATE_METHOD_MATCH = YES;
				"CODE_SIGN_IDENTITY[sdk=iphoneos*]" = "iPhone Developer";
				COPY_PHASE_STRIP = NO;
				GCC_C_LANGUAGE_STANDARD = gnu99;
				GCC_DYNAMIC_NO_PIC = NO;
				GCC_OPTIMIZATION_LEVEL = 0;
				GCC_PREPROCESSOR_DEFINITIONS = (
					"DEBUG=1",
					"$(inherited)",
				);
				GCC_SYMBOLS_PRIVATE_EXTERN = NO;
				GCC_WARN_64_TO_32_BIT_CONVERSION = YES;
				GCC_WARN_ABOUT_RETURN_TYPE = YES_ERROR;
				GCC_WARN_UNDECLARED_SELECTOR = YES;
				GCC_WARN_UNINITIALIZED_AUTOS = YES_AGGRESSIVE;
				GCC_WARN_UNUSED_FUNCTION = YES;
				GCC_WARN_UNUSED_VARIABLE = YES;
				IPHONEOS_DEPLOYMENT_TARGET = 7.1;
				ONLY_ACTIVE_ARCH = YES;
				SDKROOT = iphoneos;
			};
			name = Debug;
		};
		4C10010018EC763A00DDC6ED /* Release */ = {
			isa = XCBuildConfiguration;
			buildSettings = {
				ALWAYS_SEARCH_USER_PATHS = NO;
				CLANG_CXX_LANGUAGE_STANDARD = "gnu++0x";
				CLANG_CXX_LIBRARY = "libc++";
				CLANG_ENABLE_MODULES = YES;
				CLANG_ENABLE_OBJC_ARC = YES;
				CLANG_WARN_BOOL_CONVERSION = YES;
				CLANG_WARN_CONSTANT_CONVERSION = YES;
				CLANG_WARN_DIRECT_OBJC_ISA_USAGE = YES_ERROR;
				CLANG_WARN_EMPTY_BODY = YES;
				CLANG_WARN_ENUM_CONVERSION = YES;
				CLANG_WARN_INT_CONVERSION = YES;
				CLANG_WARN_OBJC_ROOT_CLASS = YES_ERROR;
				CLANG_WARN__DUPLICATE_METHOD_MATCH = YES;
				"CODE_SIGN_IDENTITY[sdk=iphoneos*]" = "iPhone Developer";
				COPY_PHASE_STRIP = YES;
				ENABLE_NS_ASSERTIONS = NO;
				GCC_C_LANGUAGE_STANDARD = gnu99;
				GCC_WARN_64_TO_32_BIT_CONVERSION = YES;
				GCC_WARN_ABOUT_RETURN_TYPE = YES_ERROR;
				GCC_WARN_UNDECLARED_SELECTOR = YES;
				GCC_WARN_UNINITIALIZED_AUTOS = YES_AGGRESSIVE;
				GCC_WARN_UNUSED_FUNCTION = YES;
				GCC_WARN_UNUSED_VARIABLE = YES;
				IPHONEOS_DEPLOYMENT_TARGET = 7.1;
				SDKROOT = iphoneos;
				VALIDATE_PRODUCT = YES;
			};
			name = Release;
		};
		4C10010218EC763A00DDC6ED /* Debug */ = {
			isa = XCBuildConfiguration;
			buildSettings = {
				ASSETCATALOG_COMPILER_APPICON_NAME = AppIcon;
				ASSETCATALOG_COMPILER_LAUNCHIMAGE_NAME = LaunchImage;
				GCC_PRECOMPILE_PREFIX_HEADER = YES;
				GCC_PREFIX_HEADER = "SampleApp/SampleApp-Prefix.pch";
				INFOPLIST_FILE = "SampleApp/SampleApp-Info.plist";
				PRODUCT_NAME = "$(TARGET_NAME)";
				WRAPPER_EXTENSION = app;
			};
			name = Debug;
		};
		4C10010318EC763A00DDC6ED /* Release */ = {
			isa = XCBuildConfiguration;
			buildSettings = {
				ASSETCATALOG_COMPILER_APPICON_NAME = AppIcon;
				ASSETCATALOG_COMPILER_LAUNCHIMAGE_NAME = LaunchImage;
				GCC_PRECOMPILE_PREFIX_HEADER = YES;
				GCC_PREFIX_HEADER = "SampleApp/SampleApp-Prefix.pch";
				INFOPLIST_FILE = "SampleApp/SampleApp-Info.plist";
				PRODUCT_NAME = "$(TARGET_NAME)";
				WRAPPER_EXTENSION = app;
			};
			name = Release;
		};
		4C10010518EC763A00DDC6ED /* Debug */ = {
			isa = XCBuildConfiguration;
			buildSettings = {
				BUNDLE_LOADER = "$(BUILT_PRODUCTS_DIR)/SampleApp.app/SampleApp";
				FRAMEWORK_SEARCH_PATHS = (
					"$(SDKROOT)/Developer/Library/Frameworks",
					"$(inherited)",
					"$(DEVELOPER_FRAMEWORKS_DIR)",
				);
				GCC_PRECOMPILE_PREFIX_HEADER = YES;
				GCC_PREFIX_HEADER = "SampleApp/SampleApp-Prefix.pch";
				GCC_PREPROCESSOR_DEFINITIONS = (
					"DEBUG=1",
					"$(inherited)",
				);
				INFOPLIST_FILE = "SampleAppTests/SampleAppTests-Info.plist";
				PRODUCT_NAME = "$(TARGET_NAME)";
				TEST_HOST = "$(BUNDLE_LOADER)";
				WRAPPER_EXTENSION = xctest;
			};
			name = Debug;
		};
		4C10010618EC763A00DDC6ED /* Release */ = {
			isa = XCBuildConfiguration;
			buildSettings = {
				BUNDLE_LOADER = "$(BUILT_PRODUCTS_DIR)/SampleApp.app/SampleApp";
				FRAMEWORK_SEARCH_PATHS = (
					"$(SDKROOT)/Developer/Library/Frameworks",
					"$(inherited)",
					"$(DEVELOPER_FRAMEWORKS_DIR)",
				);
				GCC_PRECOMPILE_PREFIX_HEADER = YES;
				GCC_PREFIX_HEADER = "SampleApp/SampleApp-Prefix.pch";
				INFOPLIST_FILE = "SampleAppTests/SampleAppTests-Info.plist";
				PRODUCT_NAME = "$(TARGET_NAME)";
				TEST_HOST = "$(BUNDLE_LOADER)";
				WRAPPER_EXTENSION = xctest;
			};
			name = Release;
		};
/* End XCBuildConfiguration section */

/* Begin XCConfigurationList section */
		4C1000CA18EC763A00DDC6ED /* Build configuration list for PBXProject "SampleApp" */ = {
			isa = XCConfigurationList;
			buildConfigurations = (
				4C1000FF18EC763A00DDC6ED /* Debug */,
				4C10010018EC763A00DDC6ED /* Release */,
			);
			defaultConfigurationIsVisible = 0;
			defaultConfigurationName = Release;
		};
		4C10010118EC763A00DDC6ED /* Build configuration list for PBXNativeTarget "SampleApp" */ = {
			isa = XCConfigurationList;
			buildConfigurations = (
				4C10010218EC763A00DDC6ED /* Debug */,
				4C10010318EC763A00DDC6ED /* Release */,
			);
			defaultConfigurationIsVisible = 0;
			defaultConfigurationName = Release;
		};
		4C10010418EC763A00DDC6ED /* Build configuration list for PBXNativeTarget "SampleAppTests" */ = {
			isa = XCConfigurationList;
			buildConfigurations = (
				4C10010518EC763A00DDC6ED /* Debug */,
				4C10010618EC763A00DDC6ED /* Release */,
			);
			defaultConfigurationIsVisible = 0;
			defaultConfigurationName = Release;
		};
/* End XCConfigurationList section */
	};
	rootObject = 4C1000C718EC763A00DDC6ED /* Project object */;
}
